
Microsoft Visual Studio Solution File, Format Version 12.00
# Visual Studio Version 16
VisualStudioVersion = 16.0.31112.23
MinimumVisualStudioVersion = 10.0.40219.1
Project("{9A19103F-16F7-4668-BE54-9A1E7A4F7556}") = "Lab6", "Lab6\Lab6.csproj", "{786FA862-B141-49FA-BE31-1BCCEB0DA845}"
EndProject
Project("{FAE04EC0-301F-11D3-BF4B-00C04F79EFBC}") = "Завдання_3", "Завдання_3\Завдання_3.csproj", "{BA77C316-5080-46CD-A982-06A5FFF04783}"
EndProject
Global
	GlobalSection(SolutionConfigurationPlatforms) = preSolution
		Debug|Any CPU = Debug|Any CPU
		Release|Any CPU = Release|Any CPU
	EndGlobalSection
	GlobalSection(ProjectConfigurationPlatforms) = postSolution
		{786FA862-B141-49FA-BE31-1BCCEB0DA845}.Debug|Any CPU.ActiveCfg = Debug|Any CPU
		{786FA862-B141-49FA-BE31-1BCCEB0DA845}.Debug|Any CPU.Build.0 = Debug|Any CPU
		{786FA862-B141-49FA-BE31-1BCCEB0DA845}.Release|Any CPU.ActiveCfg = Release|Any CPU
		{786FA862-B141-49FA-BE31-1BCCEB0DA845}.Release|Any CPU.Build.0 = Release|Any CPU
		{BA77C316-5080-46CD-A982-06A5FFF04783}.Debug|Any CPU.ActiveCfg = Debug|Any CPU
		{BA77C316-5080-46CD-A982-06A5FFF04783}.Debug|Any CPU.Build.0 = Debug|Any CPU
		{BA77C316-5080-46CD-A982-06A5FFF04783}.Release|Any CPU.ActiveCfg = Release|Any CPU
		{BA77C316-5080-46CD-A982-06A5FFF04783}.Release|Any CPU.Build.0 = Release|Any CPU
	EndGlobalSection
	GlobalSection(SolutionProperties) = preSolution
		HideSolutionNode = FALSE
	EndGlobalSection
	GlobalSection(ExtensibilityGlobals) = postSolution
		SolutionGuid = {609DD70D-1CC9-44CF-B2F3-88EF04573685}
	EndGlobalSection
EndGlobal
